{
  "projects": [
    {
      "projectId": "seaQhLVS4bbjiGvJJrRwyL",
      "version": "15.0.3",
      "dependencies": {},
      "lang": "js",
      "fileLocks": [
        {
          "assetId": "seaQhLVS4bbjiGvJJrRwyL",
          "type": "projectCss",
          "checksum": "174eea901e0665102c7080f882556fac"
        }
      ],
      "codegenVersion": "0.0.1"
    },
    {
      "projectId": "4ZbF6xR4EPfL4FhddXLYkw",
      "version": "latest",
      "dependencies": {
        "seaQhLVS4bbjiGvJJrRwyL": "15.0.3"
      },
      "lang": "js",
      "fileLocks": [
        {
          "type": "globalVariant",
          "assetId": "Q7X89FOEYbPl",
          "checksum": "ff5aa870d75c2784d5b1de13544b1cce"
        },
        {
          "assetId": "4ZbF6xR4EPfL4FhddXLYkw",
          "type": "projectCss",
          "checksum": "64858ecc72849bc3c6bc4e37b8802d70"
        },
        {
          "type": "renderModule",
          "assetId": "h5TO7Eb8R18C",
          "checksum": "06bf77b9cf4761a2f10ff7a745b81857"
        },
        {
          "type": "cssRules",
          "assetId": "h5TO7Eb8R18C",
          "checksum": "06bf77b9cf4761a2f10ff7a745b81857"
        },
        {
          "type": "renderModule",
          "assetId": "8jicFGET409g",
          "checksum": "8c88720e796cf5a204bc3df4859c07e9"
        },
        {
          "type": "cssRules",
          "assetId": "8jicFGET409g",
          "checksum": "8c88720e796cf5a204bc3df4859c07e9"
        },
        {
          "type": "renderModule",
          "assetId": "k8EMd_0Da3Wc",
          "checksum": "15887f34bd8774f0cd247b4f2bc5a1bf"
        },
        {
          "type": "cssRules",
          "assetId": "k8EMd_0Da3Wc",
          "checksum": "15887f34bd8774f0cd247b4f2bc5a1bf"
        },
        {
          "type": "renderModule",
          "assetId": "2NNzWqDt2N9u",
          "checksum": "f2110e544508ef786a569e44c1f59549"
        },
        {
          "type": "cssRules",
          "assetId": "2NNzWqDt2N9u",
          "checksum": "f2110e544508ef786a569e44c1f59549"
        },
        {
          "type": "renderModule",
          "assetId": "k-MRlDskaa2R",
          "checksum": "7067eab74cd04fd776168e1f0978fef0"
        },
        {
          "type": "cssRules",
          "assetId": "k-MRlDskaa2R",
          "checksum": "7067eab74cd04fd776168e1f0978fef0"
        },
        {
          "type": "renderModule",
          "assetId": "m5OkBM9Os7CG",
          "checksum": "b7532b789431e162369f58be5a3246ed"
        },
        {
          "type": "cssRules",
          "assetId": "m5OkBM9Os7CG",
          "checksum": "b7532b789431e162369f58be5a3246ed"
        },
        {
          "type": "renderModule",
          "assetId": "rmad6N43eRHm",
          "checksum": "e8e22473084589b1592bc789a2227297"
        },
        {
          "type": "cssRules",
          "assetId": "rmad6N43eRHm",
          "checksum": "e8e22473084589b1592bc789a2227297"
        },
        {
          "type": "renderModule",
          "assetId": "U_LZf-YwzvxO",
          "checksum": "5de6986951748f2586582b9d147d1f7b"
        },
        {
          "type": "cssRules",
          "assetId": "U_LZf-YwzvxO",
          "checksum": "5de6986951748f2586582b9d147d1f7b"
        },
        {
          "type": "renderModule",
          "assetId": "ReAQDqh_iS6E",
          "checksum": "afa1b52a1e7f930d75060c6535ab0836"
        },
        {
          "type": "cssRules",
          "assetId": "ReAQDqh_iS6E",
          "checksum": "afa1b52a1e7f930d75060c6535ab0836"
        },
        {
          "type": "renderModule",
          "assetId": "WFcjUgm28knC",
          "checksum": "0a04f5d3aa53340d80818b5bddc1953e"
        },
        {
          "type": "cssRules",
          "assetId": "WFcjUgm28knC",
          "checksum": "0a04f5d3aa53340d80818b5bddc1953e"
        },
        {
          "type": "renderModule",
          "assetId": "xbgBmi4JuBZ6",
          "checksum": "b061f35917ae3125f9efb92972d0565b"
        },
        {
          "type": "cssRules",
          "assetId": "xbgBmi4JuBZ6",
          "checksum": "b061f35917ae3125f9efb92972d0565b"
        },
        {
          "type": "renderModule",
          "assetId": "uxd9k0iQPueH",
          "checksum": "4536ce6a9ef32cc27c0b907ce5914fcf"
        },
        {
          "type": "cssRules",
          "assetId": "uxd9k0iQPueH",
          "checksum": "4536ce6a9ef32cc27c0b907ce5914fcf"
        },
        {
          "type": "renderModule",
          "assetId": "t69hcxn8CL3k",
          "checksum": "f6956f8f94557a713eb63a40ba730ddb"
        },
        {
          "type": "cssRules",
          "assetId": "t69hcxn8CL3k",
          "checksum": "f6956f8f94557a713eb63a40ba730ddb"
        },
        {
          "type": "renderModule",
          "assetId": "pdx1EWV33o6K",
          "checksum": "d18f466a6f10b9ac097da7302348723d"
        },
        {
          "type": "cssRules",
          "assetId": "pdx1EWV33o6K",
          "checksum": "d18f466a6f10b9ac097da7302348723d"
        },
        {
          "type": "renderModule",
          "assetId": "jkg3RmshIaT_",
          "checksum": "aaa402513229ad8faa66df04de8605dc"
        },
        {
          "type": "cssRules",
          "assetId": "jkg3RmshIaT_",
          "checksum": "aaa402513229ad8faa66df04de8605dc"
        },
        {
          "type": "renderModule",
          "assetId": "Kbfw0aXINDst",
          "checksum": "5733658fb30df8f6c71dc16b809dce1a"
        },
        {
          "type": "cssRules",
          "assetId": "Kbfw0aXINDst",
          "checksum": "5733658fb30df8f6c71dc16b809dce1a"
        },
        {
          "type": "renderModule",
          "assetId": "kJsDk6KG-O8f",
          "checksum": "0bad5bd823b2c95cd9dc54624ae7f0cf"
        },
        {
          "type": "cssRules",
          "assetId": "kJsDk6KG-O8f",
          "checksum": "0bad5bd823b2c95cd9dc54624ae7f0cf"
        },
        {
          "type": "icon",
          "assetId": "F_b_EO2SY2E-",
          "checksum": "8a5593101b1bc7f390984cdea60e074b"
        },
        {
          "type": "icon",
          "assetId": "Bhm-C6_3S-0y",
          "checksum": "561f43bfe8ab19d70540bbf218c123a6"
        },
        {
          "type": "icon",
          "assetId": "K1kwl2VebP2S",
          "checksum": "192b56dd3afd5ef20d88d5acf798a2d8"
        },
        {
          "type": "icon",
          "assetId": "ophDTm3xACNq",
          "checksum": "f749fc8e6e35ec4f1b27792a3e8bb9c5"
        },
        {
          "type": "icon",
          "assetId": "psEZeLrkdgcG",
          "checksum": "cbe0376dee7ae5883cfc1f29e45ca8bd"
        },
        {
          "type": "icon",
          "assetId": "Bx-96MIEwhd8",
          "checksum": "771eeaa00623f798e45117ce0f92f74e"
        },
        {
          "type": "icon",
          "assetId": "8hnfOFWRv6fV",
          "checksum": "0302a3671aabb1ea9f59f38f454ba950"
        },
        {
          "type": "icon",
          "assetId": "MAss1xnwc3dW",
          "checksum": "503b1120a57026efc83cc8f3d907206c"
        },
        {
          "type": "icon",
          "assetId": "QAMp_VnUxpnV",
          "checksum": "e313d8041009f70950207d57c7b8f633"
        },
        {
          "type": "icon",
          "assetId": "oMfSrnKbpc7G",
          "checksum": "1e2259186e3b8cba5b704eec88a8e0f5"
        },
        {
          "type": "icon",
          "assetId": "M9RGOnK3loPD",
          "checksum": "e36b25e25f145860ffe45e0d8385a165"
        },
        {
          "type": "icon",
          "assetId": "MzSkDpDB0c2c",
          "checksum": "4e485e2cb2054e884ff35506c78de2e5"
        },
        {
          "type": "icon",
          "assetId": "Kx2ldAnfk0WU",
          "checksum": "f22fc9301cafa53413f265318c71fe5a"
        },
        {
          "type": "icon",
          "assetId": "njRsNArF-8ci",
          "checksum": "bff1f7f1c8983d51eb266e292c87efac"
        },
        {
          "type": "icon",
          "assetId": "oiptnTfcIM4M",
          "checksum": "a2d0a14aa38b9e7e34d46ddabdc16d9e"
        },
        {
          "type": "icon",
          "assetId": "G4Hv7rnwZJbT",
          "checksum": "2557627ab307088533e7d201ddf0c748"
        },
        {
          "type": "icon",
          "assetId": "mJEiQeVVSCa2",
          "checksum": "9578ddc09d6bc3485986146986c931f9"
        },
        {
          "type": "icon",
          "assetId": "mcMuz3OJbIij",
          "checksum": "8d2f62edec49dc3eb3ce95ff1e6d0706"
        },
        {
          "type": "icon",
          "assetId": "rtzC_ZdAIRbH",
          "checksum": "243a8b09a6a4d53c3cf220b73eaf1544"
        },
        {
          "type": "icon",
          "assetId": "ojpECICJ9Hj2",
          "checksum": "c4cb8bad2cf8f63fce7d83c7ea762b4a"
        },
        {
          "type": "icon",
          "assetId": "fdzefSrEk6p9",
          "checksum": "e35ccfcbd8e3c6999d83dfe5e7c1cfdd"
        },
        {
          "type": "icon",
          "assetId": "InAz7xyieiLz",
          "checksum": "81375659b8806a885a1668732030cbfa"
        },
        {
          "type": "image",
          "assetId": "4YqNTnBZlvJc",
          "checksum": "cb7579c33e13a13b04cfb08c556e0577"
        },
        {
          "type": "image",
          "assetId": "fRYY8f5jlHuw",
          "checksum": "40c820e6135914d5da65b8a20a695fc2"
        },
        {
          "type": "image",
          "assetId": "6pI3vjfT24BM",
          "checksum": "6eea2f84fe697cc21a71f081f847bf28"
        },
        {
          "type": "image",
          "assetId": "e1JdEmCc8wSJ",
          "checksum": "93b1f3f339493d091d4777bc875670dc"
        }
      ],
      "codegenVersion": "0.0.1"
    }
  ],
  "cliVersion": "0.1.337"
}
